
Microsoft Visual Studio Solution File, Format Version 12.00
# Visual Studio Version 17
VisualStudioVersion = 17.2.32414.248
MinimumVisualStudioVersion = 10.0.40219.1
Project("{9A19103F-16F7-4668-BE54-9A1E7A4F7556}") = "BlazorServerHost", "BlazorServerHost\BlazorServerHost.csproj", "{CF40023C-C4A8-4EA2-85C7-D286AB87A110}"
EndProject
Project("{FAE04EC0-301F-11D3-BF4B-00C04F79EFBC}") = "SharedComponents", "SharedComponents\SharedComponents.csproj", "{56FCDDB3-13BE-4381-8A28-7A2A14231451}"
EndProject
Project("{9A19103F-16F7-4668-BE54-9A1E7A4F7556}") = "WasmHost", "WasmHost\WasmHost.csproj", "{45A41809-A27E-4455-B24B-F87FAB056126}"
EndProject
Global
	GlobalSection(SolutionConfigurationPlatforms) = preSolution
		Debug|Any CPU = Debug|Any CPU
		Release|Any CPU = Release|Any CPU
	EndGlobalSection
	GlobalSection(ProjectConfigurationPlatforms) = postSolution
		{CF40023C-C4A8-4EA2-85C7-D286AB87A110}.Debug|Any CPU.ActiveCfg = Debug|Any CPU
		{CF40023C-C4A8-4EA2-85C7-D286AB87A110}.Debug|Any CPU.Build.0 = Debug|Any CPU
		{CF40023C-C4A8-4EA2-85C7-D286AB87A110}.Release|Any CPU.ActiveCfg = Release|Any CPU
		{CF40023C-C4A8-4EA2-85C7-D286AB87A110}.Release|Any CPU.Build.0 = Release|Any CPU
		{56FCDDB3-13BE-4381-8A28-7A2A14231451}.Debug|Any CPU.ActiveCfg = Debug|Any CPU
		{56FCDDB3-13BE-4381-8A28-7A2A14231451}.Debug|Any CPU.Build.0 = Debug|Any CPU
		{56FCDDB3-13BE-4381-8A28-7A2A14231451}.Release|Any CPU.ActiveCfg = Release|Any CPU
		{56FCDDB3-13BE-4381-8A28-7A2A14231451}.Release|Any CPU.Build.0 = Release|Any CPU
		{45A41809-A27E-4455-B24B-F87FAB056126}.Debug|Any CPU.ActiveCfg = Debug|Any CPU
		{45A41809-A27E-4455-B24B-F87FAB056126}.Debug|Any CPU.Build.0 = Debug|Any CPU
		{45A41809-A27E-4455-B24B-F87FAB056126}.Release|Any CPU.ActiveCfg = Release|Any CPU
		{45A41809-A27E-4455-B24B-F87FAB056126}.Release|Any CPU.Build.0 = Release|Any CPU
	EndGlobalSection
	GlobalSection(SolutionProperties) = preSolution
		HideSolutionNode = FALSE
	EndGlobalSection
	GlobalSection(ExtensibilityGlobals) = postSolution
		SolutionGuid = {3D5A5DA9-DC67-41DE-83E9-F8E9E4F195CE}
	EndGlobalSection
EndGlobal
